
Microsoft Visual Studio Solution File, Format Version 12.00
# Visual Studio Version 17
VisualStudioVersion = 17.0.31903.59
MinimumVisualStudioVersion = 10.0.40219.1
Project("{2150E333-8FDC-42A3-9474-1A3956D46DE8}") = "src", "src", "{827E0CD3-B72D-47B6-A68D-7590B98EB39B}"
EndProject
Project("{2150E333-8FDC-42A3-9474-1A3956D46DE8}") = "Server", "Server", "{E6B48023-E680-40DA-9E17-319585C26937}"
EndProject
Project("{FAE04EC0-301F-11D3-BF4B-00C04F79EFBC}") = "ScrumPoker.Server", "src\Server\ScrumPoker.Server.csproj", "{537A9F99-8047-4B78-9227-00B02BD8992D}"
EndProject
Project("{FAE04EC0-301F-11D3-BF4B-00C04F79EFBC}") = "ScrumPoker.Client", "src\Client\ScrumPoker.Client.csproj", "{3286DCD1-C6FF-4934-8EEF-F5EBB2C88809}"
EndProject
Project("{FAE04EC0-301F-11D3-BF4B-00C04F79EFBC}") = "ScrumPoker.Domain", "src\Domain\ScrumPoker.Domain.csproj", "{C2C8A5EB-DD13-4160-9FCD-E7E32EBF7F0B}"
EndProject
Project("{FAE04EC0-301F-11D3-BF4B-00C04F79EFBC}") = "ScrumPoker.Application", "src\Application\ScrumPoker.Application.csproj", "{36B2EEEC-113C-46BE-8BF5-F1EE5C550878}"
EndProject
Project("{FAE04EC0-301F-11D3-BF4B-00C04F79EFBC}") = "ScrumPoker.Infrastructure", "src\Infrastructure\ScrumPoker.Infrastructure.csproj", "{765C5652-7611-411F-9BE3-F121B4CA4A4B}"
EndProject
Project("{FAE04EC0-301F-11D3-BF4B-00C04F79EFBC}") = "ScrumPoker.Contracts", "src\Contracts\ScrumPoker.Contracts.csproj", "{D1541529-3BD2-4928-AA4D-FE7850C68B7B}"
EndProject
Project("{FAE04EC0-301F-11D3-BF4B-00C04F79EFBC}") = "ScrumPoker.Tests", "tests\ScrumPoker.Tests\ScrumPoker.Tests.csproj", "{19985EEF-0BDC-4538-8ED8-CAA4BDC4EC0E}"
EndProject
Project("{FAE04EC0-301F-11D3-BF4B-00C04F79EFBC}") = "ScrumPoker.Client.Tests", "tests\ScrumPoker.Client.Tests\ScrumPoker.Client.Tests.csproj", "{9496DF15-685F-4721-A9F5-6FFE35712B86}"
EndProject
Global
	GlobalSection(SolutionConfigurationPlatforms) = preSolution
		Debug|Any CPU = Debug|Any CPU
		Debug|x64 = Debug|x64
		Debug|x86 = Debug|x86
		Release|Any CPU = Release|Any CPU
		Release|x64 = Release|x64
		Release|x86 = Release|x86
	EndGlobalSection
	GlobalSection(ProjectConfigurationPlatforms) = postSolution
		{537A9F99-8047-4B78-9227-00B02BD8992D}.Debug|Any CPU.ActiveCfg = Debug|Any CPU
		{537A9F99-8047-4B78-9227-00B02BD8992D}.Debug|Any CPU.Build.0 = Debug|Any CPU
		{537A9F99-8047-4B78-9227-00B02BD8992D}.Debug|x64.ActiveCfg = Debug|Any CPU
		{537A9F99-8047-4B78-9227-00B02BD8992D}.Debug|x64.Build.0 = Debug|Any CPU
		{537A9F99-8047-4B78-9227-00B02BD8992D}.Debug|x86.ActiveCfg = Debug|Any CPU
		{537A9F99-8047-4B78-9227-00B02BD8992D}.Debug|x86.Build.0 = Debug|Any CPU
		{537A9F99-8047-4B78-9227-00B02BD8992D}.Release|Any CPU.ActiveCfg = Release|Any CPU
		{537A9F99-8047-4B78-9227-00B02BD8992D}.Release|Any CPU.Build.0 = Release|Any CPU
		{537A9F99-8047-4B78-9227-00B02BD8992D}.Release|x64.ActiveCfg = Release|Any CPU
		{537A9F99-8047-4B78-9227-00B02BD8992D}.Release|x64.Build.0 = Release|Any CPU
		{537A9F99-8047-4B78-9227-00B02BD8992D}.Release|x86.ActiveCfg = Release|Any CPU
		{537A9F99-8047-4B78-9227-00B02BD8992D}.Release|x86.Build.0 = Release|Any CPU
		{3286DCD1-C6FF-4934-8EEF-F5EBB2C88809}.Debug|Any CPU.ActiveCfg = Debug|Any CPU
		{3286DCD1-C6FF-4934-8EEF-F5EBB2C88809}.Debug|Any CPU.Build.0 = Debug|Any CPU
		{3286DCD1-C6FF-4934-8EEF-F5EBB2C88809}.Debug|x64.ActiveCfg = Debug|Any CPU
		{3286DCD1-C6FF-4934-8EEF-F5EBB2C88809}.Debug|x64.Build.0 = Debug|Any CPU
		{3286DCD1-C6FF-4934-8EEF-F5EBB2C88809}.Debug|x86.ActiveCfg = Debug|Any CPU
		{3286DCD1-C6FF-4934-8EEF-F5EBB2C88809}.Debug|x86.Build.0 = Debug|Any CPU
		{3286DCD1-C6FF-4934-8EEF-F5EBB2C88809}.Release|Any CPU.ActiveCfg = Release|Any CPU
		{3286DCD1-C6FF-4934-8EEF-F5EBB2C88809}.Release|Any CPU.Build.0 = Release|Any CPU
		{3286DCD1-C6FF-4934-8EEF-F5EBB2C88809}.Release|x64.ActiveCfg = Release|Any CPU
		{3286DCD1-C6FF-4934-8EEF-F5EBB2C88809}.Release|x64.Build.0 = Release|Any CPU
		{3286DCD1-C6FF-4934-8EEF-F5EBB2C88809}.Release|x86.ActiveCfg = Release|Any CPU
		{3286DCD1-C6FF-4934-8EEF-F5EBB2C88809}.Release|x86.Build.0 = Release|Any CPU
		{C2C8A5EB-DD13-4160-9FCD-E7E32EBF7F0B}.Debug|Any CPU.ActiveCfg = Debug|Any CPU
		{C2C8A5EB-DD13-4160-9FCD-E7E32EBF7F0B}.Debug|Any CPU.Build.0 = Debug|Any CPU
		{C2C8A5EB-DD13-4160-9FCD-E7E32EBF7F0B}.Debug|x64.ActiveCfg = Debug|Any CPU
		{C2C8A5EB-DD13-4160-9FCD-E7E32EBF7F0B}.Debug|x64.Build.0 = Debug|Any CPU
		{C2C8A5EB-DD13-4160-9FCD-E7E32EBF7F0B}.Debug|x86.ActiveCfg = Debug|Any CPU
		{C2C8A5EB-DD13-4160-9FCD-E7E32EBF7F0B}.Debug|x86.Build.0 = Debug|Any CPU
		{C2C8A5EB-DD13-4160-9FCD-E7E32EBF7F0B}.Release|Any CPU.ActiveCfg = Release|Any CPU
		{C2C8A5EB-DD13-4160-9FCD-E7E32EBF7F0B}.Release|Any CPU.Build.0 = Release|Any CPU
		{C2C8A5EB-DD13-4160-9FCD-E7E32EBF7F0B}.Release|x64.ActiveCfg = Release|Any CPU
		{C2C8A5EB-DD13-4160-9FCD-E7E32EBF7F0B}.Release|x64.Build.0 = Release|Any CPU
		{C2C8A5EB-DD13-4160-9FCD-E7E32EBF7F0B}.Release|x86.ActiveCfg = Release|Any CPU
		{C2C8A5EB-DD13-4160-9FCD-E7E32EBF7F0B}.Release|x86.Build.0 = Release|Any CPU
		{36B2EEEC-113C-46BE-8BF5-F1EE5C550878}.Debug|Any CPU.ActiveCfg = Debug|Any CPU
		{36B2EEEC-113C-46BE-8BF5-F1EE5C550878}.Debug|Any CPU.Build.0 = Debug|Any CPU
		{36B2EEEC-113C-46BE-8BF5-F1EE5C550878}.Debug|x64.ActiveCfg = Debug|Any CPU
		{36B2EEEC-113C-46BE-8BF5-F1EE5C550878}.Debug|x64.Build.0 = Debug|Any CPU
		{36B2EEEC-113C-46BE-8BF5-F1EE5C550878}.Debug|x86.ActiveCfg = Debug|Any CPU
		{36B2EEEC-113C-46BE-8BF5-F1EE5C550878}.Debug|x86.Build.0 = Debug|Any CPU
		{36B2EEEC-113C-46BE-8BF5-F1EE5C550878}.Release|Any CPU.ActiveCfg = Release|Any CPU
		{36B2EEEC-113C-46BE-8BF5-F1EE5C550878}.Release|Any CPU.Build.0 = Release|Any CPU
		{36B2EEEC-113C-46BE-8BF5-F1EE5C550878}.Release|x64.ActiveCfg = Release|Any CPU
		{36B2EEEC-113C-46BE-8BF5-F1EE5C550878}.Release|x64.Build.0 = Release|Any CPU
		{36B2EEEC-113C-46BE-8BF5-F1EE5C550878}.Release|x86.ActiveCfg = Release|Any CPU
		{36B2EEEC-113C-46BE-8BF5-F1EE5C550878}.Release|x86.Build.0 = Release|Any CPU
		{765C5652-7611-411F-9BE3-F121B4CA4A4B}.Debug|Any CPU.ActiveCfg = Debug|Any CPU
		{765C5652-7611-411F-9BE3-F121B4CA4A4B}.Debug|Any CPU.Build.0 = Debug|Any CPU
		{765C5652-7611-411F-9BE3-F121B4CA4A4B}.Debug|x64.ActiveCfg = Debug|Any CPU
		{765C5652-7611-411F-9BE3-F121B4CA4A4B}.Debug|x64.Build.0 = Debug|Any CPU
		{765C5652-7611-411F-9BE3-F121B4CA4A4B}.Debug|x86.ActiveCfg = Debug|Any CPU
		{765C5652-7611-411F-9BE3-F121B4CA4A4B}.Debug|x86.Build.0 = Debug|Any CPU
		{765C5652-7611-411F-9BE3-F121B4CA4A4B}.Release|Any CPU.ActiveCfg = Release|Any CPU
		{765C5652-7611-411F-9BE3-F121B4CA4A4B}.Release|Any CPU.Build.0 = Release|Any CPU
		{765C5652-7611-411F-9BE3-F121B4CA4A4B}.Release|x64.ActiveCfg = Release|Any CPU
		{765C5652-7611-411F-9BE3-F121B4CA4A4B}.Release|x64.Build.0 = Release|Any CPU
		{765C5652-7611-411F-9BE3-F121B4CA4A4B}.Release|x86.ActiveCfg = Release|Any CPU
		{765C5652-7611-411F-9BE3-F121B4CA4A4B}.Release|x86.Build.0 = Release|Any CPU
		{D1541529-3BD2-4928-AA4D-FE7850C68B7B}.Debug|Any CPU.ActiveCfg = Debug|Any CPU
		{D1541529-3BD2-4928-AA4D-FE7850C68B7B}.Debug|Any CPU.Build.0 = Debug|Any CPU
		{D1541529-3BD2-4928-AA4D-FE7850C68B7B}.Debug|x64.ActiveCfg = Debug|Any CPU
		{D1541529-3BD2-4928-AA4D-FE7850C68B7B}.Debug|x64.Build.0 = Debug|Any CPU
		{D1541529-3BD2-4928-AA4D-FE7850C68B7B}.Debug|x86.ActiveCfg = Debug|Any CPU
		{D1541529-3BD2-4928-AA4D-FE7850C68B7B}.Debug|x86.Build.0 = Debug|Any CPU
		{D1541529-3BD2-4928-AA4D-FE7850C68B7B}.Release|Any CPU.ActiveCfg = Release|Any CPU
		{D1541529-3BD2-4928-AA4D-FE7850C68B7B}.Release|Any CPU.Build.0 = Release|Any CPU
		{D1541529-3BD2-4928-AA4D-FE7850C68B7B}.Release|x64.ActiveCfg = Release|Any CPU
		{D1541529-3BD2-4928-AA4D-FE7850C68B7B}.Release|x64.Build.0 = Release|Any CPU
		{D1541529-3BD2-4928-AA4D-FE7850C68B7B}.Release|x86.ActiveCfg = Release|Any CPU
		{D1541529-3BD2-4928-AA4D-FE7850C68B7B}.Release|x86.Build.0 = Release|Any CPU
		{19985EEF-0BDC-4538-8ED8-CAA4BDC4EC0E}.Debug|Any CPU.ActiveCfg = Debug|Any CPU
		{19985EEF-0BDC-4538-8ED8-CAA4BDC4EC0E}.Debug|Any CPU.Build.0 = Debug|Any CPU
		{19985EEF-0BDC-4538-8ED8-CAA4BDC4EC0E}.Debug|x64.ActiveCfg = Debug|Any CPU
		{19985EEF-0BDC-4538-8ED8-CAA4BDC4EC0E}.Debug|x64.Build.0 = Debug|Any CPU
		{19985EEF-0BDC-4538-8ED8-CAA4BDC4EC0E}.Debug|x86.ActiveCfg = Debug|Any CPU
		{19985EEF-0BDC-4538-8ED8-CAA4BDC4EC0E}.Debug|x86.Build.0 = Debug|Any CPU
		{19985EEF-0BDC-4538-8ED8-CAA4BDC4EC0E}.Release|Any CPU.ActiveCfg = Release|Any CPU
		{19985EEF-0BDC-4538-8ED8-CAA4BDC4EC0E}.Release|Any CPU.Build.0 = Release|Any CPU
		{19985EEF-0BDC-4538-8ED8-CAA4BDC4EC0E}.Release|x64.ActiveCfg = Release|Any CPU
		{19985EEF-0BDC-4538-8ED8-CAA4BDC4EC0E}.Release|x64.Build.0 = Release|Any CPU
		{19985EEF-0BDC-4538-8ED8-CAA4BDC4EC0E}.Release|x86.ActiveCfg = Release|Any CPU
		{19985EEF-0BDC-4538-8ED8-CAA4BDC4EC0E}.Release|x86.Build.0 = Release|Any CPU
		{9496DF15-685F-4721-A9F5-6FFE35712B86}.Debug|Any CPU.ActiveCfg = Debug|Any CPU
		{9496DF15-685F-4721-A9F5-6FFE35712B86}.Debug|Any CPU.Build.0 = Debug|Any CPU
		{9496DF15-685F-4721-A9F5-6FFE35712B86}.Debug|x64.ActiveCfg = Debug|Any CPU
		{9496DF15-685F-4721-A9F5-6FFE35712B86}.Debug|x64.Build.0 = Debug|Any CPU
		{9496DF15-685F-4721-A9F5-6FFE35712B86}.Debug|x86.ActiveCfg = Debug|Any CPU
		{9496DF15-685F-4721-A9F5-6FFE35712B86}.Debug|x86.Build.0 = Debug|Any CPU
		{9496DF15-685F-4721-A9F5-6FFE35712B86}.Release|Any CPU.ActiveCfg = Release|Any CPU
		{9496DF15-685F-4721-A9F5-6FFE35712B86}.Release|Any CPU.Build.0 = Release|Any CPU
		{9496DF15-685F-4721-A9F5-6FFE35712B86}.Release|x64.ActiveCfg = Release|Any CPU
		{9496DF15-685F-4721-A9F5-6FFE35712B86}.Release|x64.Build.0 = Release|Any CPU
		{9496DF15-685F-4721-A9F5-6FFE35712B86}.Release|x86.ActiveCfg = Release|Any CPU
		{9496DF15-685F-4721-A9F5-6FFE35712B86}.Release|x86.Build.0 = Release|Any CPU
	EndGlobalSection
	GlobalSection(SolutionProperties) = preSolution
		HideSolutionNode = FALSE
	EndGlobalSection
	GlobalSection(NestedProjects) = preSolution
		{E6B48023-E680-40DA-9E17-319585C26937} = {827E0CD3-B72D-47B6-A68D-7590B98EB39B}
		{537A9F99-8047-4B78-9227-00B02BD8992D} = {E6B48023-E680-40DA-9E17-319585C26937}
		{3286DCD1-C6FF-4934-8EEF-F5EBB2C88809} = {E6B48023-E680-40DA-9E17-319585C26937}
		{C2C8A5EB-DD13-4160-9FCD-E7E32EBF7F0B} = {E6B48023-E680-40DA-9E17-319585C26937}
		{36B2EEEC-113C-46BE-8BF5-F1EE5C550878} = {E6B48023-E680-40DA-9E17-319585C26937}
		{765C5652-7611-411F-9BE3-F121B4CA4A4B} = {E6B48023-E680-40DA-9E17-319585C26937}
		{D1541529-3BD2-4928-AA4D-FE7850C68B7B} = {E6B48023-E680-40DA-9E17-319585C26937}
		{19985EEF-0BDC-4538-8ED8-CAA4BDC4EC0E} = {E6B48023-E680-40DA-9E17-319585C26937}
		{9496DF15-685F-4721-A9F5-6FFE35712B86} = {E6B48023-E680-40DA-9E17-319585C26937}
	EndGlobalSection
EndGlobal
